
Microsoft Visual Studio Solution File, Format Version 12.00
# Visual Studio Version 17
VisualStudioVersion = 17.11.35327.3
MinimumVisualStudioVersion = 10.0.40219.1
Project("{9A19103F-16F7-4668-BE54-9A1E7A4F7556}") = "HarvardUniversity.API", "HarvardUniversity.API.csproj", "{A226A6C4-787B-4B7D-9766-5A307A95EDAA}"
EndProject
Project("{FAE04EC0-301F-11D3-BF4B-00C04F79EFBC}") = "HarvardUniversity.DataAccessLayer", "..\HarvardUniversity.DataAccessLayer\HarvardUniversity.DataAccessLayer.csproj", "{D95EF54D-0814-46C7-96C1-C65F205B2A8A}"
EndProject
Project("{FAE04EC0-301F-11D3-BF4B-00C04F79EFBC}") = "LoggerService", "..\LoggerService\LoggerService.csproj", "{B6BA8C8C-7F67-43A9-A53C-14B5B2380200}"
EndProject
Project("{2150E333-8FDC-42A3-9474-1A3956D46DE8}") = "Элементы решения", "Элементы решения", "{15FA6351-B909-44DC-9AB4-24AC37BC66BD}"
	ProjectSection(SolutionItems) = preProject
		stylecop.json = stylecop.json
	EndProjectSection
EndProject
Global
	GlobalSection(SolutionConfigurationPlatforms) = preSolution
		Debug|Any CPU = Debug|Any CPU
		Release|Any CPU = Release|Any CPU
	EndGlobalSection
	GlobalSection(ProjectConfigurationPlatforms) = postSolution
		{A226A6C4-787B-4B7D-9766-5A307A95EDAA}.Debug|Any CPU.ActiveCfg = Debug|Any CPU
		{A226A6C4-787B-4B7D-9766-5A307A95EDAA}.Debug|Any CPU.Build.0 = Debug|Any CPU
		{A226A6C4-787B-4B7D-9766-5A307A95EDAA}.Release|Any CPU.ActiveCfg = Release|Any CPU
		{A226A6C4-787B-4B7D-9766-5A307A95EDAA}.Release|Any CPU.Build.0 = Release|Any CPU
		{D95EF54D-0814-46C7-96C1-C65F205B2A8A}.Debug|Any CPU.ActiveCfg = Debug|Any CPU
		{D95EF54D-0814-46C7-96C1-C65F205B2A8A}.Debug|Any CPU.Build.0 = Debug|Any CPU
		{D95EF54D-0814-46C7-96C1-C65F205B2A8A}.Release|Any CPU.ActiveCfg = Release|Any CPU
		{D95EF54D-0814-46C7-96C1-C65F205B2A8A}.Release|Any CPU.Build.0 = Release|Any CPU
		{B6BA8C8C-7F67-43A9-A53C-14B5B2380200}.Debug|Any CPU.ActiveCfg = Debug|Any CPU
		{B6BA8C8C-7F67-43A9-A53C-14B5B2380200}.Debug|Any CPU.Build.0 = Debug|Any CPU
		{B6BA8C8C-7F67-43A9-A53C-14B5B2380200}.Release|Any CPU.ActiveCfg = Release|Any CPU
		{B6BA8C8C-7F67-43A9-A53C-14B5B2380200}.Release|Any CPU.Build.0 = Release|Any CPU
	EndGlobalSection
	GlobalSection(SolutionProperties) = preSolution
		HideSolutionNode = FALSE
	EndGlobalSection
	GlobalSection(ExtensibilityGlobals) = postSolution
		SolutionGuid = {3645A6EB-4C0A-450F-8D67-304FF335C9E3}
	EndGlobalSection
EndGlobal
